
Microsoft Visual Studio Solution File, Format Version 12.00
# Visual Studio Version 17
VisualStudioVersion = 17.2.32602.215
MinimumVisualStudioVersion = 10.0.40219.1
Project("{FAE04EC0-301F-11D3-BF4B-00C04F79EFBC}") = "PicLearner", "PicLearner\PicLearner.csproj", "{72605152-170F-4D58-9A24-AF4791033C74}"
EndProject
Global
	GlobalSection(SolutionConfigurationPlatforms) = preSolution
		Debug|Any CPU = Debug|Any CPU
		Release|Any CPU = Release|Any CPU
	EndGlobalSection
	GlobalSection(ProjectConfigurationPlatforms) = postSolution
		{72605152-170F-4D58-9A24-AF4791033C74}.Debug|Any CPU.ActiveCfg = Debug|Any CPU
		{72605152-170F-4D58-9A24-AF4791033C74}.Debug|Any CPU.Build.0 = Debug|Any CPU
		{72605152-170F-4D58-9A24-AF4791033C74}.Release|Any CPU.ActiveCfg = Release|Any CPU
		{72605152-170F-4D58-9A24-AF4791033C74}.Release|Any CPU.Build.0 = Release|Any CPU
	EndGlobalSection
	GlobalSection(SolutionProperties) = preSolution
		HideSolutionNode = FALSE
	EndGlobalSection
	GlobalSection(ExtensibilityGlobals) = postSolution
		SolutionGuid = {02A38CE4-6D41-4B69-89FB-FF4612A88175}
	EndGlobalSection
EndGlobal
